
Microsoft Visual Studio Solution File, Format Version 12.00
# Visual Studio 14
VisualStudioVersion = 14.0.24720.0
MinimumVisualStudioVersion = 10.0.40219.1
Project("{FAE04EC0-301F-11D3-BF4B-00C04F79EFBC}") = "MedbridgeDiceGame", "MedbridgeDiceGame\MedbridgeDiceGame.csproj", "{6A597052-D65F-416B-BEED-B8A1D99C44C3}"
EndProject
Project("{FAE04EC0-301F-11D3-BF4B-00C04F79EFBC}") = "GameObjects", "GameObjects\GameObjects.csproj", "{F97913A5-6C25-411E-B009-F977B640C43E}"
EndProject
Project("{FAE04EC0-301F-11D3-BF4B-00C04F79EFBC}") = "Utils", "Utils\Utils.csproj", "{196B08EB-E16A-406C-A3DD-9D3173B2ADB3}"
EndProject
Global
	GlobalSection(SolutionConfigurationPlatforms) = preSolution
		Debug|Any CPU = Debug|Any CPU
		Release|Any CPU = Release|Any CPU
	EndGlobalSection
	GlobalSection(ProjectConfigurationPlatforms) = postSolution
		{6A597052-D65F-416B-BEED-B8A1D99C44C3}.Debug|Any CPU.ActiveCfg = Debug|Any CPU
		{6A597052-D65F-416B-BEED-B8A1D99C44C3}.Debug|Any CPU.Build.0 = Debug|Any CPU
		{6A597052-D65F-416B-BEED-B8A1D99C44C3}.Release|Any CPU.ActiveCfg = Release|Any CPU
		{6A597052-D65F-416B-BEED-B8A1D99C44C3}.Release|Any CPU.Build.0 = Release|Any CPU
		{F97913A5-6C25-411E-B009-F977B640C43E}.Debug|Any CPU.ActiveCfg = Debug|Any CPU
		{F97913A5-6C25-411E-B009-F977B640C43E}.Debug|Any CPU.Build.0 = Debug|Any CPU
		{F97913A5-6C25-411E-B009-F977B640C43E}.Release|Any CPU.ActiveCfg = Release|Any CPU
		{F97913A5-6C25-411E-B009-F977B640C43E}.Release|Any CPU.Build.0 = Release|Any CPU
		{196B08EB-E16A-406C-A3DD-9D3173B2ADB3}.Debug|Any CPU.ActiveCfg = Debug|Any CPU
		{196B08EB-E16A-406C-A3DD-9D3173B2ADB3}.Debug|Any CPU.Build.0 = Debug|Any CPU
		{196B08EB-E16A-406C-A3DD-9D3173B2ADB3}.Release|Any CPU.ActiveCfg = Release|Any CPU
		{196B08EB-E16A-406C-A3DD-9D3173B2ADB3}.Release|Any CPU.Build.0 = Release|Any CPU
	EndGlobalSection
	GlobalSection(SolutionProperties) = preSolution
		HideSolutionNode = FALSE
	EndGlobalSection
EndGlobal
